// !$*UTF8*$!
{
	archiveVersion = 1;
	classes = {
	};
	objectVersion = 46;
	objects = {

/* Begin PBXBuildFile section */
		42289EF01A9A2EE9005D80E2 /* AppDelegate.swift in Sources */ = {isa = PBXBuildFile; fileRef = 42289EEF1A9A2EE9005D80E2 /* AppDelegate.swift */; };
		42289EF21A9A2EE9005D80E2 /* ViewController.swift in Sources */ = {isa = PBXBuildFile; fileRef = 42289EF11A9A2EE9005D80E2 /* ViewController.swift */; };
		42289EF51A9A2EE9005D80E2 /* Main.storyboard in Resources */ = {isa = PBXBuildFile; fileRef = 42289EF31A9A2EE9005D80E2 /* Main.storyboard */; };
		42289EF71A9A2EE9005D80E2 /* Images.xcassets in Resources */ = {isa = PBXBuildFile; fileRef = 42289EF61A9A2EE9005D80E2 /* Images.xcassets */; };
		42289EFA1A9A2EE9005D80E2 /* LaunchScreen.xib in Resources */ = {isa = PBXBuildFile; fileRef = 42289EF81A9A2EE9005D80E2 /* LaunchScreen.xib */; };
		42289F061A9A2EE9005D80E2 /* OmniTests.swift in Sources */ = {isa = PBXBuildFile; fileRef = 42289F051A9A2EE9005D80E2 /* OmniTests.swift */; };
		42289F101A9A555D005D80E2 /* dashboardInterface.swift in Sources */ = {isa = PBXBuildFile; fileRef = 42289F0F1A9A555D005D80E2 /* dashboardInterface.swift */; };
/* End PBXBuildFile section */

/* Begin PBXContainerItemProxy section */
		42289F001A9A2EE9005D80E2 /* PBXContainerItemProxy */ = {
			isa = PBXContainerItemProxy;
			containerPortal = 42289EE21A9A2EE8005D80E2 /* Project object */;
			proxyType = 1;
			remoteGlobalIDString = 42289EE91A9A2EE8005D80E2;
			remoteInfo = Omni;
		};
/* End PBXContainerItemProxy section */

/* Begin PBXFileReference section */
		42289EEA1A9A2EE9005D80E2 /* Omni.app */ = {isa = PBXFileReference; explicitFileType = wrapper.application; includeInIndex = 0; path = Omni.app; sourceTree = BUILT_PRODUCTS_DIR; };
		42289EEE1A9A2EE9005D80E2 /* Info.plist */ = {isa = PBXFileReference; lastKnownFileType = text.plist.xml; path = Info.plist; sourceTree = "<group>"; };
		42289EEF1A9A2EE9005D80E2 /* AppDelegate.swift */ = {isa = PBXFileReference; lastKnownFileType = sourcecode.swift; path = AppDelegate.swift; sourceTree = "<group>"; };
		42289EF11A9A2EE9005D80E2 /* ViewController.swift */ = {isa = PBXFileReference; lastKnownFileType = sourcecode.swift; path = ViewController.swift; sourceTree = "<group>"; };
		42289EF41A9A2EE9005D80E2 /* Base */ = {isa = PBXFileReference; lastKnownFileType = file.storyboard; name = Base; path = Base.lproj/Main.storyboard; sourceTree = "<group>"; };
		42289EF61A9A2EE9005D80E2 /* Images.xcassets */ = {isa = PBXFileReference; lastKnownFileType = folder.assetcatalog; path = Images.xcassets; sourceTree = "<group>"; };
		42289EF91A9A2EE9005D80E2 /* Base */ = {isa = PBXFileReference; lastKnownFileType = file.xib; name = Base; path = Base.lproj/LaunchScreen.xib; sourceTree = "<group>"; };
		42289EFF1A9A2EE9005D80E2 /* OmniTests.xctest */ = {isa = PBXFileReference; explicitFileType = wrapper.cfbundle; includeInIndex = 0; path = OmniTests.xctest; sourceTree = BUILT_PRODUCTS_DIR; };
		42289F041A9A2EE9005D80E2 /* Info.plist */ = {isa = PBXFileReference; lastKnownFileType = text.plist.xml; path = Info.plist; sourceTree = "<group>"; };
		42289F051A9A2EE9005D80E2 /* OmniTests.swift */ = {isa = PBXFileReference; lastKnownFileType = sourcecode.swift; path = OmniTests.swift; sourceTree = "<group>"; };
		42289F0F1A9A555D005D80E2 /* dashboardInterface.swift */ = {isa = PBXFileReference; fileEncoding = 4; lastKnownFileType = sourcecode.swift; path = dashboardInterface.swift; sourceTree = "<group>"; };
/* End PBXFileReference section */

/* Begin PBXFrameworksBuildPhase section */
		42289EE71A9A2EE8005D80E2 /* Frameworks */ = {
			isa = PBXFrameworksBuildPhase;
			buildActionMask = 2147483647;
			files = (
			);
			runOnlyForDeploymentPostprocessing = 0;
		};
		42289EFC1A9A2EE9005D80E2 /* Frameworks */ = {
			isa = PBXFrameworksBuildPhase;
			buildActionMask = 2147483647;
			files = (
			);
			runOnlyForDeploymentPostprocessing = 0;
		};
/* End PBXFrameworksBuildPhase section */

/* Begin PBXGroup section */
		42289EE11A9A2EE8005D80E2 = {
			isa = PBXGroup;
			children = (
				42289EEC1A9A2EE9005D80E2 /* Omni */,
				42289F021A9A2EE9005D80E2 /* OmniTests */,
				42289EEB1A9A2EE9005D80E2 /* Products */,
			);
			sourceTree = "<group>";
		};
		42289EEB1A9A2EE9005D80E2 /* Products */ = {
			isa = PBXGroup;
			children = (
				42289EEA1A9A2EE9005D80E2 /* Omni.app */,
				42289EFF1A9A2EE9005D80E2 /* OmniTests.xctest */,
			);
			name = Products;
			sourceTree = "<group>";
		};
		42289EEC1A9A2EE9005D80E2 /* Omni */ = {
			isa = PBXGroup;
			children = (
				42289EEF1A9A2EE9005D80E2 /* AppDelegate.swift */,
				42289EF11A9A2EE9005D80E2 /* ViewController.swift */,
				42289EF31A9A2EE9005D80E2 /* Main.storyboard */,
				42289F0F1A9A555D005D80E2 /* dashboardInterface.swift */,
				42289EF61A9A2EE9005D80E2 /* Images.xcassets */,
				42289EF81A9A2EE9005D80E2 /* LaunchScreen.xib */,
				42289EED1A9A2EE9005D80E2 /* Supporting Files */,
			);
			path = Omni;
			sourceTree = "<group>";
		};
		42289EED1A9A2EE9005D80E2 /* Supporting Files */ = {
			isa = PBXGroup;
			children = (
				42289EEE1A9A2EE9005D80E2 /* Info.plist */,
			);
			name = "Supporting Files";
			sourceTree = "<group>";
		};
		42289F021A9A2EE9005D80E2 /* OmniTests */ = {
			isa = PBXGroup;
			children = (
				42289F051A9A2EE9005D80E2 /* OmniTests.swift */,
				42289F031A9A2EE9005D80E2 /* Supporting Files */,
			);
			path = OmniTests;
			sourceTree = "<group>";
		};
		42289F031A9A2EE9005D80E2 /* Supporting Files */ = {
			isa = PBXGroup;
			children = (
				42289F041A9A2EE9005D80E2 /* Info.plist */,
			);
			name = "Supporting Files";
			sourceTree = "<group>";
		};
/* End PBXGroup section */

/* Begin PBXNativeTarget section */
		42289EE91A9A2EE8005D80E2 /* Omni */ = {
			isa = PBXNativeTarget;
			buildConfigurationList = 42289F091A9A2EE9005D80E2 /* Build configuration list for PBXNativeTarget "Omni" */;
			buildPhases = (
				42289EE61A9A2EE8005D80E2 /* Sources */,
				42289EE71A9A2EE8005D80E2 /* Frameworks */,
				42289EE81A9A2EE8005D80E2 /* Resources */,
			);
			buildRules = (
			);
			dependencies = (
			);
			name = Omni;
			productName = Omni;
			productReference = 42289EEA1A9A2EE9005D80E2 /* Omni.app */;
			productType = "com.apple.product-type.application";
		};
		42289EFE1A9A2EE9005D80E2 /* OmniTests */ = {
			isa = PBXNativeTarget;
			buildConfigurationList = 42289F0C1A9A2EE9005D80E2 /* Build configuration list for PBXNativeTarget "OmniTests" */;
			buildPhases = (
				42289EFB1A9A2EE9005D80E2 /* Sources */,
				42289EFC1A9A2EE9005D80E2 /* Frameworks */,
				42289EFD1A9A2EE9005D80E2 /* Resources */,
			);
			buildRules = (
			);
			dependencies = (
				42289F011A9A2EE9005D80E2 /* PBXTargetDependency */,
			);
			name = OmniTests;
			productName = OmniTests;
			productReference = 42289EFF1A9A2EE9005D80E2 /* OmniTests.xctest */;
			productType = "com.apple.product-type.bundle.unit-test";
		};
/* End PBXNativeTarget section */

/* Begin PBXProject section */
		42289EE21A9A2EE8005D80E2 /* Project object */ = {
			isa = PBXProject;
			attributes = {
				LastUpgradeCheck = 0610;
				TargetAttributes = {
					42289EE91A9A2EE8005D80E2 = {
						CreatedOnToolsVersion = 6.1.1;
					};
					42289EFE1A9A2EE9005D80E2 = {
						CreatedOnToolsVersion = 6.1.1;
						TestTargetID = 42289EE91A9A2EE8005D80E2;
					};
				};
			};
			buildConfigurationList = 42289EE51A9A2EE8005D80E2 /* Build configuration list for PBXProject "Omni" */;
			compatibilityVersion = "Xcode 3.2";
			developmentRegion = English;
			hasScannedForEncodings = 0;
			knownRegions = (
				en,
				Base,
			);
			mainGroup = 42289EE11A9A2EE8005D80E2;
			productRefGroup = 42289EEB1A9A2EE9005D80E2 /* Products */;
			projectDirPath = "";
			projectRoot = "";
			targets = (
				42289EE91A9A2EE8005D80E2 /* Omni */,
				42289EFE1A9A2EE9005D80E2 /* OmniTests */,
			);
		};
/* End PBXProject section */

/* Begin PBXResourcesBuildPhase section */
		42289EE81A9A2EE8005D80E2 /* Resources */ = {
			isa = PBXResourcesBuildPhase;
			buildActionMask = 2147483647;
			files = (
				42289EF51A9A2EE9005D80E2 /* Main.storyboard in Resources */,
				42289EFA1A9A2EE9005D80E2 /* LaunchScreen.xib in Resources */,
				42289EF71A9A2EE9005D80E2 /* Images.xcassets in Resources */,
			);
			runOnlyForDeploymentPostprocessing = 0;
		};
		42289EFD1A9A2EE9005D80E2 /* Resources */ = {
			isa = PBXResourcesBuildPhase;
			buildActionMask = 2147483647;
			files = (
			);
			runOnlyForDeploymentPostprocessing = 0;
		};
/* End PBXResourcesBuildPhase section */

/* Begin PBXSourcesBuildPhase section */
		42289EE61A9A2EE8005D80E2 /* Sources */ = {
			isa = PBXSourcesBuildPhase;
			buildActionMask = 2147483647;
			files = (
				42289EF21A9A2EE9005D80E2 /* ViewController.swift in Sources */,
				42289EF01A9A2EE9005D80E2 /* AppDelegate.swift in Sources */,
				42289F101A9A555D005D80E2 /* dashboardInterface.swift in Sources */,
			);
			runOnlyForDeploymentPostprocessing = 0;
		};
		42289EFB1A9A2EE9005D80E2 /* Sources */ = {
			isa = PBXSourcesBuildPhase;
			buildActionMask = 2147483647;
			files = (
				42289F061A9A2EE9005D80E2 /* OmniTests.swift in Sources */,
			);
			runOnlyForDeploymentPostprocessing = 0;
		};
/* End PBXSourcesBuildPhase section */

/* Begin PBXTargetDependency section */
		42289F011A9A2EE9005D80E2 /* PBXTargetDependency */ = {
			isa = PBXTargetDependency;
			target = 42289EE91A9A2EE8005D80E2 /* Omni */;
			targetProxy = 42289F001A9A2EE9005D80E2 /* PBXContainerItemProxy */;
		};
/* End PBXTargetDependency section */

/* Begin PBXVariantGroup section */
		42289EF31A9A2EE9005D80E2 /* Main.storyboard */ = {
			isa = PBXVariantGroup;
			children = (
				42289EF41A9A2EE9005D80E2 /* Base */,
			);
			name = Main.storyboard;
			sourceTree = "<group>";
		};
		42289EF81A9A2EE9005D80E2 /* LaunchScreen.xib */ = {
			isa = PBXVariantGroup;
			children = (
				42289EF91A9A2EE9005D80E2 /* Base */,
			);
			name = LaunchScreen.xib;
			sourceTree = "<group>";
		};
/* End PBXVariantGroup section */

/* Begin XCBuildConfiguration section */
		42289F071A9A2EE9005D80E2 /* Debug */ = {
			isa = XCBuildConfiguration;
			buildSettings = {
				ALWAYS_SEARCH_USER_PATHS = NO;
				CLANG_CXX_LANGUAGE_STANDARD = "gnu++0x";
				CLANG_CXX_LIBRARY = "libc++";
				CLANG_ENABLE_MODULES = YES;
				CLANG_ENABLE_OBJC_ARC = YES;
				CLANG_WARN_BOOL_CONVERSION = YES;
				CLANG_WARN_CONSTANT_CONVERSION = YES;
				CLANG_WARN_DIRECT_OBJC_ISA_USAGE = YES_ERROR;
				CLANG_WARN_EMPTY_BODY = YES;
				CLANG_WARN_ENUM_CONVERSION = YES;
				CLANG_WARN_INT_CONVERSION = YES;
				CLANG_WARN_OBJC_ROOT_CLASS = YES_ERROR;
				CLANG_WARN_UNREACHABLE_CODE = YES;
				CLANG_WARN__DUPLICATE_METHOD_MATCH = YES;
				"CODE_SIGN_IDENTITY[sdk=iphoneos*]" = "iPhone Developer";
				COPY_PHASE_STRIP = NO;
				ENABLE_STRICT_OBJC_MSGSEND = YES;
				GCC_C_LANGUAGE_STANDARD = gnu99;
				GCC_DYNAMIC_NO_PIC = NO;
				GCC_OPTIMIZATION_LEVEL = 0;
				GCC_PREPROCESSOR_DEFINITIONS = (
					"DEBUG=1",
					"$(inherited)",
				);
				GCC_SYMBOLS_PRIVATE_EXTERN = NO;
				GCC_WARN_64_TO_32_BIT_CONVERSION = YES;
				GCC_WARN_ABOUT_RETURN_TYPE = YES_ERROR;
				GCC_WARN_UNDECLARED_SELECTOR = YES;
				GCC_WARN_UNINITIALIZED_AUTOS = YES_AGGRESSIVE;
				GCC_WARN_UNUSED_FUNCTION = YES;
				GCC_WARN_UNUSED_VARIABLE = YES;
				IPHONEOS_DEPLOYMENT_TARGET = 8.1;
				MTL_ENABLE_DEBUG_INFO = YES;
				ONLY_ACTIVE_ARCH = YES;
				SDKROOT = iphoneos;
				SWIFT_OPTIMIZATION_LEVEL = "-Onone";
			};
			name = Debug;
		};
		42289F081A9A2EE9005D80E2 /* Release */ = {
			isa = XCBuildConfiguration;
			buildSettings = {
				ALWAYS_SEARCH_USER_PATHS = NO;
				CLANG_CXX_LANGUAGE_STANDARD = "gnu++0x";
				CLANG_CXX_LIBRARY = "libc++";
				CLANG_ENABLE_MODULES = YES;
				CLANG_ENABLE_OBJC_ARC = YES;
				CLANG_WARN_BOOL_CONVERSION = YES;
				CLANG_WARN_CONSTANT_CONVERSION = YES;
				CLANG_WARN_DIRECT_OBJC_ISA_USAGE = YES_ERROR;
				CLANG_WARN_EMPTY_BODY = YES;
				CLANG_WARN_ENUM_CONVERSION = YES;
				CLANG_WARN_INT_CONVERSION = YES;
				CLANG_WARN_OBJC_ROOT_CLASS = YES_ERROR;
				CLANG_WARN_UNREACHABLE_CODE = YES;
				CLANG_WARN__DUPLICATE_METHOD_MATCH = YES;
				"CODE_SIGN_IDENTITY[sdk=iphoneos*]" = "iPhone Developer";
				COPY_PHASE_STRIP = YES;
				ENABLE_NS_ASSERTIONS = NO;
				ENABLE_STRICT_OBJC_MSGSEND = YES;
				GCC_C_LANGUAGE_STANDARD = gnu99;
				GCC_WARN_64_TO_32_BIT_CONVERSION = YES;
				GCC_WARN_ABOUT_RETURN_TYPE = YES_ERROR;
				GCC_WARN_UNDECLARED_SELECTOR = YES;
				GCC_WARN_UNINITIALIZED_AUTOS = YES_AGGRESSIVE;
				GCC_WARN_UNUSED_FUNCTION = YES;
				GCC_WARN_UNUSED_VARIABLE = YES;
				IPHONEOS_DEPLOYMENT_TARGET = 8.1;
				MTL_ENABLE_DEBUG_INFO = NO;
				SDKROOT = iphoneos;
				VALIDATE_PRODUCT = YES;
			};
			name = Release;
		};
		42289F0A1A9A2EE9005D80E2 /* Debug */ = {
			isa = XCBuildConfiguration;
			buildSettings = {
				ASSETCATALOG_COMPILER_APPICON_NAME = AppIcon;
				INFOPLIST_FILE = Omni/Info.plist;
				LD_RUNPATH_SEARCH_PATHS = "$(inherited) @executable_path/Frameworks";
				PRODUCT_NAME = "$(TARGET_NAME)";
			};
			name = Debug;
		};
		42289F0B1A9A2EE9005D80E2 /* Release */ = {
			isa = XCBuildConfiguration;
			buildSettings = {
				ASSETCATALOG_COMPILER_APPICON_NAME = AppIcon;
				INFOPLIST_FILE = Omni/Info.plist;
				LD_RUNPATH_SEARCH_PATHS = "$(inherited) @executable_path/Frameworks";
				PRODUCT_NAME = "$(TARGET_NAME)";
			};
			name = Release;
		};
		42289F0D1A9A2EE9005D80E2 /* Debug */ = {
			isa = XCBuildConfiguration;
			buildSettings = {
				BUNDLE_LOADER = "$(TEST_HOST)";
				FRAMEWORK_SEARCH_PATHS = (
					"$(SDKROOT)/Developer/Library/Frameworks",
					"$(inherited)",
				);
				GCC_PREPROCESSOR_DEFINITIONS = (
					"DEBUG=1",
					"$(inherited)",
				);
				INFOPLIST_FILE = OmniTests/Info.plist;
				LD_RUNPATH_SEARCH_PATHS = "$(inherited) @executable_path/Frameworks @loader_path/Frameworks";
				PRODUCT_NAME = "$(TARGET_NAME)";
				TEST_HOST = "$(BUILT_PRODUCTS_DIR)/Omni.app/Omni";
			};
			name = Debug;
		};
		42289F0E1A9A2EE9005D80E2 /* Release */ = {
			isa = XCBuildConfiguration;
			buildSettings = {
				BUNDLE_LOADER = "$(TEST_HOST)";
				FRAMEWORK_SEARCH_PATHS = (
					"$(SDKROOT)/Developer/Library/Frameworks",
					"$(inherited)",
				);
				INFOPLIST_FILE = OmniTests/Info.plist;
				LD_RUNPATH_SEARCH_PATHS = "$(inherited) @executable_path/Frameworks @loader_path/Frameworks";
				PRODUCT_NAME = "$(TARGET_NAME)";
				TEST_HOST = "$(BUILT_PRODUCTS_DIR)/Omni.app/Omni";
			};
			name = Release;
		};
/* End XCBuildConfiguration section */

/* Begin XCConfigurationList section */
		42289EE51A9A2EE8005D80E2 /* Build configuration list for PBXProject "Omni" */ = {
			isa = XCConfigurationList;
			buildConfigurations = (
				42289F071A9A2EE9005D80E2 /* Debug */,
				42289F081A9A2EE9005D80E2 /* Release */,
			);
			defaultConfigurationIsVisible = 0;
			defaultConfigurationName = Release;
		};
		42289F091A9A2EE9005D80E2 /* Build configuration list for PBXNativeTarget "Omni" */ = {
			isa = XCConfigurationList;
			buildConfigurations = (
				42289F0A1A9A2EE9005D80E2 /* Debug */,
				42289F0B1A9A2EE9005D80E2 /* Release */,
			);
			defaultConfigurationIsVisible = 0;
		};
		42289F0C1A9A2EE9005D80E2 /* Build configuration list for PBXNativeTarget "OmniTests" */ = {
			isa = XCConfigurationList;
			buildConfigurations = (
				42289F0D1A9A2EE9005D80E2 /* Debug */,
				42289F0E1A9A2EE9005D80E2 /* Release */,
			);
			defaultConfigurationIsVisible = 0;
		};
/* End XCConfigurationList section */
	};
	rootObject = 42289EE21A9A2EE8005D80E2 /* Project object */;
}
